// !$*UTF8*$!
{
	archiveVersion = 1;
	classes = {
	};
	objectVersion = 46;
	objects = {

/* Begin PBXBuildFile section */
		41E2AB3418D97F4B007E7CD1 /* Foundation.framework in Frameworks */ = {isa = PBXBuildFile; fileRef = 41E2AB3318D97F4B007E7CD1 /* Foundation.framework */; };
		41E2AB3618D97F4B007E7CD1 /* CoreGraphics.framework in Frameworks */ = {isa = PBXBuildFile; fileRef = 41E2AB3518D97F4B007E7CD1 /* CoreGraphics.framework */; };
		41E2AB3818D97F4B007E7CD1 /* UIKit.framework in Frameworks */ = {isa = PBXBuildFile; fileRef = 41E2AB3718D97F4B007E7CD1 /* UIKit.framework */; };
		41E2AB3E18D97F4B007E7CD1 /* InfoPlist.strings in Resources */ = {isa = PBXBuildFile; fileRef = 41E2AB3C18D97F4B007E7CD1 /* InfoPlist.strings */; };
		41E2AB4018D97F4B007E7CD1 /* main.m in Sources */ = {isa = PBXBuildFile; fileRef = 41E2AB3F18D97F4B007E7CD1 /* main.m */; };
		41E2AB4418D97F4B007E7CD1 /* AppDelegate.m in Sources */ = {isa = PBXBuildFile; fileRef = 41E2AB4318D97F4B007E7CD1 /* AppDelegate.m */; };
		41E2AB4618D97F4B007E7CD1 /* Images.xcassets in Resources */ = {isa = PBXBuildFile; fileRef = 41E2AB4518D97F4B007E7CD1 /* Images.xcassets */; };
		41E2AB4D18D97F4B007E7CD1 /* XCTest.framework in Frameworks */ = {isa = PBXBuildFile; fileRef = 41E2AB4C18D97F4B007E7CD1 /* XCTest.framework */; };
		41E2AB4E18D97F4B007E7CD1 /* Foundation.framework in Frameworks */ = {isa = PBXBuildFile; fileRef = 41E2AB3318D97F4B007E7CD1 /* Foundation.framework */; };
		41E2AB4F18D97F4B007E7CD1 /* UIKit.framework in Frameworks */ = {isa = PBXBuildFile; fileRef = 41E2AB3718D97F4B007E7CD1 /* UIKit.framework */; };
		41E2AB5718D97F4B007E7CD1 /* InfoPlist.strings in Resources */ = {isa = PBXBuildFile; fileRef = 41E2AB5518D97F4B007E7CD1 /* InfoPlist.strings */; };
		41E2AB5918D97F4B007E7CD1 /* FurnitureDisplayTests.m in Sources */ = {isa = PBXBuildFile; fileRef = 41E2AB5818D97F4B007E7CD1 /* FurnitureDisplayTests.m */; };
		41E2AB7018D981EF007E7CD1 /* BaseViewController.m in Sources */ = {isa = PBXBuildFile; fileRef = 41E2AB6718D981EF007E7CD1 /* BaseViewController.m */; };
		41E2AB7218D981EF007E7CD1 /* CustomNavigationViewCtr.m in Sources */ = {isa = PBXBuildFile; fileRef = 41E2AB6B18D981EF007E7CD1 /* CustomNavigationViewCtr.m */; };
		41E2AB7318D981EF007E7CD1 /* CustomTabBarViewCtr.m in Sources */ = {isa = PBXBuildFile; fileRef = 41E2AB6D18D981EF007E7CD1 /* CustomTabBarViewCtr.m */; };
		41E2AB8218D982A4007E7CD1 /* Common.m in Sources */ = {isa = PBXBuildFile; fileRef = 41E2AB7718D982A4007E7CD1 /* Common.m */; };
		41E2AB8318D982A4007E7CD1 /* NewItoast.m in Sources */ = {isa = PBXBuildFile; fileRef = 41E2AB7918D982A4007E7CD1 /* NewItoast.m */; };
		41E2AB8418D982A4007E7CD1 /* NSString+CustomCategory.m in Sources */ = {isa = PBXBuildFile; fileRef = 41E2AB7B18D982A4007E7CD1 /* NSString+CustomCategory.m */; };
		41E2AB8618D982A4007E7CD1 /* sqliteDataManage.m in Sources */ = {isa = PBXBuildFile; fileRef = 41E2AB7F18D982A4007E7CD1 /* sqliteDataManage.m */; };
		41E2AB8718D982A4007E7CD1 /* UIView+ViewFrameGeometry.m in Sources */ = {isa = PBXBuildFile; fileRef = 41E2AB8118D982A4007E7CD1 /* UIView+ViewFrameGeometry.m */; };
		41E2AB8918D98392007E7CD1 /* libsqlite3.dylib in Frameworks */ = {isa = PBXBuildFile; fileRef = 41E2AB8818D98392007E7CD1 /* libsqlite3.dylib */; };
		41E2ABEB18D986C8007E7CD1 /* 0.png in Resources */ = {isa = PBXBuildFile; fileRef = 41E2AB9218D986C8007E7CD1 /* 0.png */; };
		41E2ABEC18D986C8007E7CD1 /* 1.jpg in Resources */ = {isa = PBXBuildFile; fileRef = 41E2AB9318D986C8007E7CD1 /* 1.jpg */; };
		41E2ABED18D986C8007E7CD1 /* 1.png in Resources */ = {isa = PBXBuildFile; fileRef = 41E2AB9418D986C8007E7CD1 /* 1.png */; };
		41E2ABEE18D986C8007E7CD1 /* 2.jpg in Resources */ = {isa = PBXBuildFile; fileRef = 41E2AB9518D986C8007E7CD1 /* 2.jpg */; };
		41E2ABEF18D986C8007E7CD1 /* 2.png in Resources */ = {isa = PBXBuildFile; fileRef = 41E2AB9618D986C8007E7CD1 /* 2.png */; };
		41E2ABF018D986C8007E7CD1 /* 3.jpg in Resources */ = {isa = PBXBuildFile; fileRef = 41E2AB9718D986C8007E7CD1 /* 3.jpg */; };
		41E2ABF118D986C8007E7CD1 /* 3.png in Resources */ = {isa = PBXBuildFile; fileRef = 41E2AB9818D986C8007E7CD1 /* 3.png */; };
		41E2ABF218D986C8007E7CD1 /* 4.png in Resources */ = {isa = PBXBuildFile; fileRef = 41E2AB9918D986C8007E7CD1 /* 4.png */; };
		41E2ABF318D986C8007E7CD1 /* 5.png in Resources */ = {isa = PBXBuildFile; fileRef = 41E2AB9A18D986C8007E7CD1 /* 5.png */; };
		41E2ABF418D986C8007E7CD1 /* 6.png in Resources */ = {isa = PBXBuildFile; fileRef = 41E2AB9B18D986C8007E7CD1 /* 6.png */; };
		41E2ABF518D986C8007E7CD1 /* 7.png in Resources */ = {isa = PBXBuildFile; fileRef = 41E2AB9C18D986C8007E7CD1 /* 7.png */; };
		41E2ABF618D986C8007E7CD1 /* 8.png in Resources */ = {isa = PBXBuildFile; fileRef = 41E2AB9D18D986C8007E7CD1 /* 8.png */; };
		41E2ABF718D986C8007E7CD1 /* 9.png in Resources */ = {isa = PBXBuildFile; fileRef = 41E2AB9E18D986C8007E7CD1 /* 9.png */; };
		41E2ABF818D986C8007E7CD1 /* aboutUs.png in Resources */ = {isa = PBXBuildFile; fileRef = 41E2AB9F18D986C8007E7CD1 /* aboutUs.png */; };
		41E2ABF918D986C8007E7CD1 /* academic.png in Resources */ = {isa = PBXBuildFile; fileRef = 41E2ABA018D986C8007E7CD1 /* academic.png */; };
		41E2ABFA18D986C8007E7CD1 /* blueCircle.png in Resources */ = {isa = PBXBuildFile; fileRef = 41E2ABA118D986C8007E7CD1 /* blueCircle.png */; };
		41E2ABFB18D986C8007E7CD1 /* btnBack.png in Resources */ = {isa = PBXBuildFile; fileRef = 41E2ABA218D986C8007E7CD1 /* btnBack.png */; };
		41E2ABFC18D986C8007E7CD1 /* btnBackTwo.png in Resources */ = {isa = PBXBuildFile; fileRef = 41E2ABA318D986C8007E7CD1 /* btnBackTwo.png */; };
		41E2ABFD18D986C8007E7CD1 /* btnWhite.png in Resources */ = {isa = PBXBuildFile; fileRef = 41E2ABA418D986C8007E7CD1 /* btnWhite.png */; };
		41E2ABFE18D986C8007E7CD1 /* btnYellow.png in Resources */ = {isa = PBXBuildFile; fileRef = 41E2ABA518D986C8007E7CD1 /* btnYellow.png */; };
		41E2ABFF18D986C8007E7CD1 /* campusCellW.png in Resources */ = {isa = PBXBuildFile; fileRef = 41E2ABA618D986C8007E7CD1 /* campusCellW.png */; };
		41E2AC0018D986C8007E7CD1 /* cellBack.png in Resources */ = {isa = PBXBuildFile; fileRef = 41E2ABA718D986C8007E7CD1 /* cellBack.png */; };
		41E2AC0118D986C8007E7CD1 /* cellBackDeep.png in Resources */ = {isa = PBXBuildFile; fileRef = 41E2ABA818D986C8007E7CD1 /* cellBackDeep.png */; };
		41E2AC0218D986C8007E7CD1 /* chapter.png in Resources */ = {isa = PBXBuildFile; fileRef = 41E2ABA918D986C8007E7CD1 /* chapter.png */; };
		41E2AC0318D986C8007E7CD1 /* checkUpdate.png in Resources */ = {isa = PBXBuildFile; fileRef = 41E2ABAA18D986C8007E7CD1 /* checkUpdate.png */; };
		41E2AC0418D986C8007E7CD1 /* clock.png in Resources */ = {isa = PBXBuildFile; fileRef = 41E2ABAB18D986C8007E7CD1 /* clock.png */; };
		41E2AC0518D986C8007E7CD1 /* comapusCellG.png in Resources */ = {isa = PBXBuildFile; fileRef = 41E2ABAC18D986C8007E7CD1 /* comapusCellG.png */; };
		41E2AC0618D986C8007E7CD1 /* comment.png in Resources */ = {isa = PBXBuildFile; fileRef = 41E2ABAD18D986C8007E7CD1 /* comment.png */; };
		41E2AC0718D986C8007E7CD1 /* complete.png in Resources */ = {isa = PBXBuildFile; fileRef = 41E2ABAE18D986C8007E7CD1 /* complete.png */; };
		41E2AC0818D986C8007E7CD1 /* completeState.png in Resources */ = {isa = PBXBuildFile; fileRef = 41E2ABAF18D986C8007E7CD1 /* completeState.png */; };
		41E2AC0918D986C8007E7CD1 /* cuowu.png in Resources */ = {isa = PBXBuildFile; fileRef = 41E2ABB018D986C8007E7CD1 /* cuowu.png */; };
		41E2AC0A18D986C8007E7CD1 /* distruction.png in Resources */ = {isa = PBXBuildFile; fileRef = 41E2ABB118D986C8007E7CD1 /* distruction.png */; };
		41E2AC0B18D986C8007E7CD1 /* endtime.png in Resources */ = {isa = PBXBuildFile; fileRef = 41E2ABB218D986C8007E7CD1 /* endtime.png */; };
		41E2AC0C18D986C8007E7CD1 /* everyDaystudy.png in Resources */ = {isa = PBXBuildFile; fileRef = 41E2ABB318D986C8007E7CD1 /* everyDaystudy.png */; };
		41E2AC0D18D986C8007E7CD1 /* expire.png in Resources */ = {isa = PBXBuildFile; fileRef = 41E2ABB418D986C8007E7CD1 /* expire.png */; };
		41E2AC0E18D986C8007E7CD1 /* explain.png in Resources */ = {isa = PBXBuildFile; fileRef = 41E2ABB518D986C8007E7CD1 /* explain.png */; };
		41E2AC0F18D986C8007E7CD1 /* eye.png in Resources */ = {isa = PBXBuildFile; fileRef = 41E2ABB618D986C8007E7CD1 /* eye.png */; };
		41E2AC1018D986C8007E7CD1 /* firstGray.png in Resources */ = {isa = PBXBuildFile; fileRef = 41E2ABB718D986C8007E7CD1 /* firstGray.png */; };
		41E2AC1118D986C8007E7CD1 /* firstYellow.png in Resources */ = {isa = PBXBuildFile; fileRef = 41E2ABB818D986C8007E7CD1 /* firstYellow.png */; };
		41E2AC1218D986C8007E7CD1 /* fourthGray.png in Resources */ = {isa = PBXBuildFile; fileRef = 41E2ABB918D986C8007E7CD1 /* fourthGray.png */; };
		41E2AC1318D986C8007E7CD1 /* fourthYellow.png in Resources */ = {isa = PBXBuildFile; fileRef = 41E2ABBA18D986C8007E7CD1 /* fourthYellow.png */; };
		41E2AC1418D986C8007E7CD1 /* grayArrow.png in Resources */ = {isa = PBXBuildFile; fileRef = 41E2ABBB18D986C8007E7CD1 /* grayArrow.png */; };
		41E2AC1518D986C8007E7CD1 /* hadRead.png in Resources */ = {isa = PBXBuildFile; fileRef = 41E2ABBC18D986C8007E7CD1 /* hadRead.png */; };
		41E2AC1618D986C8007E7CD1 /* loginBack.png in Resources */ = {isa = PBXBuildFile; fileRef = 41E2ABBD18D986C8007E7CD1 /* loginBack.png */; };
		41E2AC1718D986C8007E7CD1 /* loginBtn.png in Resources */ = {isa = PBXBuildFile; fileRef = 41E2ABBE18D986C8007E7CD1 /* loginBtn.png */; };
		41E2AC1818D986C8007E7CD1 /* moni.png in Resources */ = {isa = PBXBuildFile; fileRef = 41E2ABBF18D986C8007E7CD1 /* moni.png */; };
		41E2AC1918D986C8007E7CD1 /* navigateBack.png in Resources */ = {isa = PBXBuildFile; fileRef = 41E2ABC018D986C8007E7CD1 /* navigateBack.png */; };
		41E2AC1A18D986C8007E7CD1 /* navigatebar.png in Resources */ = {isa = PBXBuildFile; fileRef = 41E2ABC118D986C8007E7CD1 /* navigatebar.png */; };
		41E2AC1B18D986C8007E7CD1 /* notRead.png in Resources */ = {isa = PBXBuildFile; fileRef = 41E2ABC218D986C8007E7CD1 /* notRead.png */; };
		41E2AC1C18D986C8007E7CD1 /* pen.png in Resources */ = {isa = PBXBuildFile; fileRef = 41E2ABC318D986C8007E7CD1 /* pen.png */; };
		41E2AC1D18D986C8007E7CD1 /* picGreen.png in Resources */ = {isa = PBXBuildFile; fileRef = 41E2ABC418D986C8007E7CD1 /* picGreen.png */; };
		41E2AC1E18D986C8007E7CD1 /* planDisplay.png in Resources */ = {isa = PBXBuildFile; fileRef = 41E2ABC518D986C8007E7CD1 /* planDisplay.png */; };
		41E2AC1F18D986C8007E7CD1 /* proLecture.png in Resources */ = {isa = PBXBuildFile; fileRef = 41E2ABC618D986C8007E7CD1 /* proLecture.png */; };
		41E2AC2018D986C8007E7CD1 /* purple.png in Resources */ = {isa = PBXBuildFile; fileRef = 41E2ABC718D986C8007E7CD1 /* purple.png */; };
		41E2AC2118D986C8007E7CD1 /* purpleSmall.png in Resources */ = {isa = PBXBuildFile; fileRef = 41E2ABC818D986C8007E7CD1 /* purpleSmall.png */; };
		41E2AC2218D986C8007E7CD1 /* qq.png in Resources */ = {isa = PBXBuildFile; fileRef = 41E2ABC918D986C8007E7CD1 /* qq.png */; };
		41E2AC2318D986C8007E7CD1 /* registerBack.jpg in Resources */ = {isa = PBXBuildFile; fileRef = 41E2ABCA18D986C8007E7CD1 /* registerBack.jpg */; };
		41E2AC2418D986C8007E7CD1 /* registerBtn.png in Resources */ = {isa = PBXBuildFile; fileRef = 41E2ABCB18D986C8007E7CD1 /* registerBtn.png */; };
		41E2AC2518D986C8007E7CD1 /* relatedProduct.png in Resources */ = {isa = PBXBuildFile; fileRef = 41E2ABCC18D986C8007E7CD1 /* relatedProduct.png */; };
		41E2AC2618D986C8007E7CD1 /* remark.png in Resources */ = {isa = PBXBuildFile; fileRef = 41E2ABCD18D986C8007E7CD1 /* remark.png */; };
		41E2AC2718D986C8007E7CD1 /* remindOntime.png in Resources */ = {isa = PBXBuildFile; fileRef = 41E2ABCE18D986C8007E7CD1 /* remindOntime.png */; };
		41E2AC2818D986C8007E7CD1 /* respond.png in Resources */ = {isa = PBXBuildFile; fileRef = 41E2ABCF18D986C8007E7CD1 /* respond.png */; };
		41E2AC2918D986C8007E7CD1 /* rightGray.png in Resources */ = {isa = PBXBuildFile; fileRef = 41E2ABD018D986C8007E7CD1 /* rightGray.png */; };
		41E2AC2A18D986C8007E7CD1 /* rightLight.png in Resources */ = {isa = PBXBuildFile; fileRef = 41E2ABD118D986C8007E7CD1 /* rightLight.png */; };
		41E2AC2B18D986C8007E7CD1 /* rightShow.png in Resources */ = {isa = PBXBuildFile; fileRef = 41E2ABD218D986C8007E7CD1 /* rightShow.png */; };
		41E2AC2C18D986C8007E7CD1 /* secondGray.png in Resources */ = {isa = PBXBuildFile; fileRef = 41E2ABD318D986C8007E7CD1 /* secondGray.png */; };
		41E2AC2D18D986C8007E7CD1 /* secondYellow.png in Resources */ = {isa = PBXBuildFile; fileRef = 41E2ABD418D986C8007E7CD1 /* secondYellow.png */; };
		41E2AC2E18D986C8007E7CD1 /* selected.png in Resources */ = {isa = PBXBuildFile; fileRef = 41E2ABD518D986C8007E7CD1 /* selected.png */; };
		41E2AC2F18D986C8007E7CD1 /* separatorWhite.png in Resources */ = {isa = PBXBuildFile; fileRef = 41E2ABD618D986C8007E7CD1 /* separatorWhite.png */; };
		41E2AC3018D986C8007E7CD1 /* sinaWeibo.png in Resources */ = {isa = PBXBuildFile; fileRef = 41E2ABD718D986C8007E7CD1 /* sinaWeibo.png */; };
		41E2AC3118D986C8007E7CD1 /* startTime.png in Resources */ = {isa = PBXBuildFile; fileRef = 41E2ABD818D986C8007E7CD1 /* startTime.png */; };
		41E2AC3218D986C8007E7CD1 /* studyCommunity.png in Resources */ = {isa = PBXBuildFile; fileRef = 41E2ABD918D986C8007E7CD1 /* studyCommunity.png */; };
		41E2AC3318D986C8007E7CD1 /* studyPlan.png in Resources */ = {isa = PBXBuildFile; fileRef = 41E2ABDA18D986C8007E7CD1 /* studyPlan.png */; };
		41E2AC3418D986C8007E7CD1 /* studyRemark.png in Resources */ = {isa = PBXBuildFile; fileRef = 41E2ABDB18D986C8007E7CD1 /* studyRemark.png */; };
		41E2AC3518D986C8007E7CD1 /* submitBtn.png in Resources */ = {isa = PBXBuildFile; fileRef = 41E2ABDC18D986C8007E7CD1 /* submitBtn.png */; };
		41E2AC3618D986C8007E7CD1 /* thirdGray.png in Resources */ = {isa = PBXBuildFile; fileRef = 41E2ABDD18D986C8007E7CD1 /* thirdGray.png */; };
		41E2AC3718D986C8007E7CD1 /* thirdYellow.png in Resources */ = {isa = PBXBuildFile; fileRef = 41E2ABDE18D986C8007E7CD1 /* thirdYellow.png */; };
		41E2AC3818D986C8007E7CD1 /* uncomplete.png in Resources */ = {isa = PBXBuildFile; fileRef = 41E2ABDF18D986C8007E7CD1 /* uncomplete.png */; };
		41E2AC3918D986C8007E7CD1 /* unSelect.png in Resources */ = {isa = PBXBuildFile; fileRef = 41E2ABE018D986C8007E7CD1 /* unSelect.png */; };
		41E2AC3A18D986C8007E7CD1 /* userinfo.png in Resources */ = {isa = PBXBuildFile; fileRef = 41E2ABE118D986C8007E7CD1 /* userinfo.png */; };
		41E2AC3B18D986C8007E7CD1 /* whiteStar.png in Resources */ = {isa = PBXBuildFile; fileRef = 41E2ABE218D986C8007E7CD1 /* whiteStar.png */; };
		41E2AC3C18D986C8007E7CD1 /* wrongGray.png in Resources */ = {isa = PBXBuildFile; fileRef = 41E2ABE318D986C8007E7CD1 /* wrongGray.png */; };
		41E2AC3D18D986C8007E7CD1 /* wrongLight.png in Resources */ = {isa = PBXBuildFile; fileRef = 41E2ABE418D986C8007E7CD1 /* wrongLight.png */; };
		41E2AC3E18D986C8007E7CD1 /* wrongShow.png in Resources */ = {isa = PBXBuildFile; fileRef = 41E2ABE518D986C8007E7CD1 /* wrongShow.png */; };
		41E2AC3F18D986C8007E7CD1 /* X.png in Resources */ = {isa = PBXBuildFile; fileRef = 41E2ABE618D986C8007E7CD1 /* X.png */; };
		41E2AC4018D986C8007E7CD1 /* yellowArrow.png in Resources */ = {isa = PBXBuildFile; fileRef = 41E2ABE718D986C8007E7CD1 /* yellowArrow.png */; };
		41E2AC4118D986C8007E7CD1 /* yellowBack.png in Resources */ = {isa = PBXBuildFile; fileRef = 41E2ABE818D986C8007E7CD1 /* yellowBack.png */; };
		41E2AC4218D986C8007E7CD1 /* yellowStar.png in Resources */ = {isa = PBXBuildFile; fileRef = 41E2ABE918D986C8007E7CD1 /* yellowStar.png */; };
		41E2AC4318D986C8007E7CD1 /* zhenti.png in Resources */ = {isa = PBXBuildFile; fileRef = 41E2ABEA18D986C8007E7CD1 /* zhenti.png */; };
		41E2AD3718D987C9007E7CD1 /* FirstViewController.m in Sources */ = {isa = PBXBuildFile; fileRef = 41E2AD3618D987C9007E7CD1 /* FirstViewController.m */; };
		41E2AD3A18D987E1007E7CD1 /* SecondViewController.m in Sources */ = {isa = PBXBuildFile; fileRef = 41E2AD3918D987E1007E7CD1 /* SecondViewController.m */; };
		41E2AD3D18D98834007E7CD1 /* ThirdViewController.m in Sources */ = {isa = PBXBuildFile; fileRef = 41E2AD3C18D98834007E7CD1 /* ThirdViewController.m */; };
		41E2AD4018D98843007E7CD1 /* FourthViewController.m in Sources */ = {isa = PBXBuildFile; fileRef = 41E2AD3F18D98843007E7CD1 /* FourthViewController.m */; };
/* End PBXBuildFile section */

/* Begin PBXContainerItemProxy section */
		41E2AB5018D97F4B007E7CD1 /* PBXContainerItemProxy */ = {
			isa = PBXContainerItemProxy;
			containerPortal = 41E2AB2818D97F4B007E7CD1 /* Project object */;
			proxyType = 1;
			remoteGlobalIDString = 41E2AB2F18D97F4B007E7CD1;
			remoteInfo = FurnitureDisplay;
		};
/* End PBXContainerItemProxy section */

/* Begin PBXFileReference section */
		41E2AB3018D97F4B007E7CD1 /* FurnitureDisplay.app */ = {isa = PBXFileReference; explicitFileType = wrapper.application; includeInIndex = 0; path = FurnitureDisplay.app; sourceTree = BUILT_PRODUCTS_DIR; };
		41E2AB3318D97F4B007E7CD1 /* Foundation.framework */ = {isa = PBXFileReference; lastKnownFileType = wrapper.framework; name = Foundation.framework; path = System/Library/Frameworks/Foundation.framework; sourceTree = SDKROOT; };
		41E2AB3518D97F4B007E7CD1 /* CoreGraphics.framework */ = {isa = PBXFileReference; lastKnownFileType = wrapper.framework; name = CoreGraphics.framework; path = System/Library/Frameworks/CoreGraphics.framework; sourceTree = SDKROOT; };
		41E2AB3718D97F4B007E7CD1 /* UIKit.framework */ = {isa = PBXFileReference; lastKnownFileType = wrapper.framework; name = UIKit.framework; path = System/Library/Frameworks/UIKit.framework; sourceTree = SDKROOT; };
		41E2AB3B18D97F4B007E7CD1 /* FurnitureDisplay-Info.plist */ = {isa = PBXFileReference; lastKnownFileType = text.plist.xml; path = "FurnitureDisplay-Info.plist"; sourceTree = "<group>"; };
		41E2AB3D18D97F4B007E7CD1 /* en */ = {isa = PBXFileReference; lastKnownFileType = text.plist.strings; name = en; path = en.lproj/InfoPlist.strings; sourceTree = "<group>"; };
		41E2AB3F18D97F4B007E7CD1 /* main.m */ = {isa = PBXFileReference; lastKnownFileType = sourcecode.c.objc; path = main.m; sourceTree = "<group>"; };
		41E2AB4118D97F4B007E7CD1 /* FurnitureDisplay-Prefix.pch */ = {isa = PBXFileReference; lastKnownFileType = sourcecode.c.h; path = "FurnitureDisplay-Prefix.pch"; sourceTree = "<group>"; };
		41E2AB4218D97F4B007E7CD1 /* AppDelegate.h */ = {isa = PBXFileReference; lastKnownFileType = sourcecode.c.h; path = AppDelegate.h; sourceTree = "<group>"; };
		41E2AB4318D97F4B007E7CD1 /* AppDelegate.m */ = {isa = PBXFileReference; lastKnownFileType = sourcecode.c.objc; path = AppDelegate.m; sourceTree = "<group>"; };
		41E2AB4518D97F4B007E7CD1 /* Images.xcassets */ = {isa = PBXFileReference; lastKnownFileType = folder.assetcatalog; path = Images.xcassets; sourceTree = "<group>"; };
		41E2AB4B18D97F4B007E7CD1 /* FurnitureDisplayTests.xctest */ = {isa = PBXFileReference; explicitFileType = wrapper.cfbundle; includeInIndex = 0; path = FurnitureDisplayTests.xctest; sourceTree = BUILT_PRODUCTS_DIR; };
		41E2AB4C18D97F4B007E7CD1 /* XCTest.framework */ = {isa = PBXFileReference; lastKnownFileType = wrapper.framework; name = XCTest.framework; path = Library/Frameworks/XCTest.framework; sourceTree = DEVELOPER_DIR; };
		41E2AB5418D97F4B007E7CD1 /* FurnitureDisplayTests-Info.plist */ = {isa = PBXFileReference; lastKnownFileType = text.plist.xml; path = "FurnitureDisplayTests-Info.plist"; sourceTree = "<group>"; };
		41E2AB5618D97F4B007E7CD1 /* en */ = {isa = PBXFileReference; lastKnownFileType = text.plist.strings; name = en; path = en.lproj/InfoPlist.strings; sourceTree = "<group>"; };
		41E2AB5818D97F4B007E7CD1 /* FurnitureDisplayTests.m */ = {isa = PBXFileReference; lastKnownFileType = sourcecode.c.objc; path = FurnitureDisplayTests.m; sourceTree = "<group>"; };
		41E2AB6618D981EF007E7CD1 /* BaseViewController.h */ = {isa = PBXFileReference; fileEncoding = 4; lastKnownFileType = sourcecode.c.h; path = BaseViewController.h; sourceTree = "<group>"; };
		41E2AB6718D981EF007E7CD1 /* BaseViewController.m */ = {isa = PBXFileReference; fileEncoding = 4; lastKnownFileType = sourcecode.c.objc; path = BaseViewController.m; sourceTree = "<group>"; };
		41E2AB6A18D981EF007E7CD1 /* CustomNavigationViewCtr.h */ = {isa = PBXFileReference; fileEncoding = 4; lastKnownFileType = sourcecode.c.h; path = CustomNavigationViewCtr.h; sourceTree = "<group>"; };
		41E2AB6B18D981EF007E7CD1 /* CustomNavigationViewCtr.m */ = {isa = PBXFileReference; fileEncoding = 4; lastKnownFileType = sourcecode.c.objc; path = CustomNavigationViewCtr.m; sourceTree = "<group>"; };
		41E2AB6C18D981EF007E7CD1 /* CustomTabBarViewCtr.h */ = {isa = PBXFileReference; fileEncoding = 4; lastKnownFileType = sourcecode.c.h; path = CustomTabBarViewCtr.h; sourceTree = "<group>"; };
		41E2AB6D18D981EF007E7CD1 /* CustomTabBarViewCtr.m */ = {isa = PBXFileReference; fileEncoding = 4; lastKnownFileType = sourcecode.c.objc; path = CustomTabBarViewCtr.m; sourceTree = "<group>"; };
		41E2AB7618D982A4007E7CD1 /* Common.h */ = {isa = PBXFileReference; fileEncoding = 4; lastKnownFileType = sourcecode.c.h; path = Common.h; sourceTree = "<group>"; };
		41E2AB7718D982A4007E7CD1 /* Common.m */ = {isa = PBXFileReference; fileEncoding = 4; lastKnownFileType = sourcecode.c.objc; path = Common.m; sourceTree = "<group>"; };
		41E2AB7818D982A4007E7CD1 /* NewItoast.h */ = {isa = PBXFileReference; fileEncoding = 4; lastKnownFileType = sourcecode.c.h; path = NewItoast.h; sourceTree = "<group>"; };
		41E2AB7918D982A4007E7CD1 /* NewItoast.m */ = {isa = PBXFileReference; fileEncoding = 4; lastKnownFileType = sourcecode.c.objc; path = NewItoast.m; sourceTree = "<group>"; };
		41E2AB7A18D982A4007E7CD1 /* NSString+CustomCategory.h */ = {isa = PBXFileReference; fileEncoding = 4; lastKnownFileType = sourcecode.c.h; path = "NSString+CustomCategory.h"; sourceTree = "<group>"; };
		41E2AB7B18D982A4007E7CD1 /* NSString+CustomCategory.m */ = {isa = PBXFileReference; fileEncoding = 4; lastKnownFileType = sourcecode.c.objc; path = "NSString+CustomCategory.m"; sourceTree = "<group>"; };
		41E2AB7E18D982A4007E7CD1 /* sqliteDataManage.h */ = {isa = PBXFileReference; fileEncoding = 4; lastKnownFileType = sourcecode.c.h; path = sqliteDataManage.h; sourceTree = "<group>"; };
		41E2AB7F18D982A4007E7CD1 /* sqliteDataManage.m */ = {isa = PBXFileReference; fileEncoding = 4; lastKnownFileType = sourcecode.c.objc; path = sqliteDataManage.m; sourceTree = "<group>"; };
		41E2AB8018D982A4007E7CD1 /* UIView+ViewFrameGeometry.h */ = {isa = PBXFileReference; fileEncoding = 4; lastKnownFileType = sourcecode.c.h; path = "UIView+ViewFrameGeometry.h"; sourceTree = "<group>"; };
		41E2AB8118D982A4007E7CD1 /* UIView+ViewFrameGeometry.m */ = {isa = PBXFileReference; fileEncoding = 4; lastKnownFileType = sourcecode.c.objc; path = "UIView+ViewFrameGeometry.m"; sourceTree = "<group>"; };
		41E2AB8818D98392007E7CD1 /* libsqlite3.dylib */ = {isa = PBXFileReference; lastKnownFileType = "compiled.mach-o.dylib"; name = libsqlite3.dylib; path = usr/lib/libsqlite3.dylib; sourceTree = SDKROOT; };
		41E2AB9218D986C8007E7CD1 /* 0.png */ = {isa = PBXFileReference; lastKnownFileType = image.png; path = 0.png; sourceTree = "<group>"; };
		41E2AB9318D986C8007E7CD1 /* 1.jpg */ = {isa = PBXFileReference; lastKnownFileType = image.jpeg; path = 1.jpg; sourceTree = "<group>"; };
		41E2AB9418D986C8007E7CD1 /* 1.png */ = {isa = PBXFileReference; lastKnownFileType = image.png; path = 1.png; sourceTree = "<group>"; };
		41E2AB9518D986C8007E7CD1 /* 2.jpg */ = {isa = PBXFileReference; lastKnownFileType = image.jpeg; path = 2.jpg; sourceTree = "<group>"; };
		41E2AB9618D986C8007E7CD1 /* 2.png */ = {isa = PBXFileReference; lastKnownFileType = image.png; path = 2.png; sourceTree = "<group>"; };
		41E2AB9718D986C8007E7CD1 /* 3.jpg */ = {isa = PBXFileReference; lastKnownFileType = image.jpeg; path = 3.jpg; sourceTree = "<group>"; };
		41E2AB9818D986C8007E7CD1 /* 3.png */ = {isa = PBXFileReference; lastKnownFileType = image.png; path = 3.png; sourceTree = "<group>"; };
		41E2AB9918D986C8007E7CD1 /* 4.png */ = {isa = PBXFileReference; lastKnownFileType = image.png; path = 4.png; sourceTree = "<group>"; };
		41E2AB9A18D986C8007E7CD1 /* 5.png */ = {isa = PBXFileReference; lastKnownFileType = image.png; path = 5.png; sourceTree = "<group>"; };
		41E2AB9B18D986C8007E7CD1 /* 6.png */ = {isa = PBXFileReference; lastKnownFileType = image.png; path = 6.png; sourceTree = "<group>"; };
		41E2AB9C18D986C8007E7CD1 /* 7.png */ = {isa = PBXFileReference; lastKnownFileType = image.png; path = 7.png; sourceTree = "<group>"; };
		41E2AB9D18D986C8007E7CD1 /* 8.png */ = {isa = PBXFileReference; lastKnownFileType = image.png; path = 8.png; sourceTree = "<group>"; };
		41E2AB9E18D986C8007E7CD1 /* 9.png */ = {isa = PBXFileReference; lastKnownFileType = image.png; path = 9.png; sourceTree = "<group>"; };
		41E2AB9F18D986C8007E7CD1 /* aboutUs.png */ = {isa = PBXFileReference; lastKnownFileType = image.png; path = aboutUs.png; sourceTree = "<group>"; };
		41E2ABA018D986C8007E7CD1 /* academic.png */ = {isa = PBXFileReference; lastKnownFileType = image.png; path = academic.png; sourceTree = "<group>"; };
		41E2ABA118D986C8007E7CD1 /* blueCircle.png */ = {isa = PBXFileReference; lastKnownFileType = image.png; path = blueCircle.png; sourceTree = "<group>"; };
		41E2ABA218D986C8007E7CD1 /* btnBack.png */ = {isa = PBXFileReference; lastKnownFileType = image.png; path = btnBack.png; sourceTree = "<group>"; };
		41E2ABA318D986C8007E7CD1 /* btnBackTwo.png */ = {isa = PBXFileReference; lastKnownFileType = image.png; path = btnBackTwo.png; sourceTree = "<group>"; };
		41E2ABA418D986C8007E7CD1 /* btnWhite.png */ = {isa = PBXFileReference; lastKnownFileType = image.png; path = btnWhite.png; sourceTree = "<group>"; };
		41E2ABA518D986C8007E7CD1 /* btnYellow.png */ = {isa = PBXFileReference; lastKnownFileType = image.png; path = btnYellow.png; sourceTree = "<group>"; };
		41E2ABA618D986C8007E7CD1 /* campusCellW.png */ = {isa = PBXFileReference; lastKnownFileType = image.png; path = campusCellW.png; sourceTree = "<group>"; };
		41E2ABA718D986C8007E7CD1 /* cellBack.png */ = {isa = PBXFileReference; lastKnownFileType = image.png; path = cellBack.png; sourceTree = "<group>"; };
		41E2ABA818D986C8007E7CD1 /* cellBackDeep.png */ = {isa = PBXFileReference; lastKnownFileType = image.png; path = cellBackDeep.png; sourceTree = "<group>"; };
		41E2ABA918D986C8007E7CD1 /* chapter.png */ = {isa = PBXFileReference; lastKnownFileType = image.png; path = chapter.png; sourceTree = "<group>"; };
		41E2ABAA18D986C8007E7CD1 /* checkUpdate.png */ = {isa = PBXFileReference; lastKnownFileType = image.png; path = checkUpdate.png; sourceTree = "<group>"; };
		41E2ABAB18D986C8007E7CD1 /* clock.png */ = {isa = PBXFileReference; lastKnownFileType = image.png; path = clock.png; sourceTree = "<group>"; };
		41E2ABAC18D986C8007E7CD1 /* comapusCellG.png */ = {isa = PBXFileReference; lastKnownFileType = image.png; path = comapusCellG.png; sourceTree = "<group>"; };
		41E2ABAD18D986C8007E7CD1 /* comment.png */ = {isa = PBXFileReference; lastKnownFileType = image.png; path = comment.png; sourceTree = "<group>"; };
		41E2ABAE18D986C8007E7CD1 /* complete.png */ = {isa = PBXFileReference; lastKnownFileType = image.png; path = complete.png; sourceTree = "<group>"; };
		41E2ABAF18D986C8007E7CD1 /* completeState.png */ = {isa = PBXFileReference; lastKnownFileType = image.png; path = completeState.png; sourceTree = "<group>"; };
		41E2ABB018D986C8007E7CD1 /* cuowu.png */ = {isa = PBXFileReference; lastKnownFileType = image.png; path = cuowu.png; sourceTree = "<group>"; };
		41E2ABB118D986C8007E7CD1 /* distruction.png */ = {isa = PBXFileReference; lastKnownFileType = image.png; path = distruction.png; sourceTree = "<group>"; };
		41E2ABB218D986C8007E7CD1 /* endtime.png */ = {isa = PBXFileReference; lastKnownFileType = image.png; path = endtime.png; sourceTree = "<group>"; };
		41E2ABB318D986C8007E7CD1 /* everyDaystudy.png */ = {isa = PBXFileReference; lastKnownFileType = image.png; path = everyDaystudy.png; sourceTree = "<group>"; };
		41E2ABB418D986C8007E7CD1 /* expire.png */ = {isa = PBXFileReference; lastKnownFileType = image.png; path = expire.png; sourceTree = "<group>"; };
		41E2ABB518D986C8007E7CD1 /* explain.png */ = {isa = PBXFileReference; lastKnownFileType = image.png; path = explain.png; sourceTree = "<group>"; };
		41E2ABB618D986C8007E7CD1 /* eye.png */ = {isa = PBXFileReference; lastKnownFileType = image.png; path = eye.png; sourceTree = "<group>"; };
		41E2ABB718D986C8007E7CD1 /* firstGray.png */ = {isa = PBXFileReference; lastKnownFileType = image.png; path = firstGray.png; sourceTree = "<group>"; };
		41E2ABB818D986C8007E7CD1 /* firstYellow.png */ = {isa = PBXFileReference; lastKnownFileType = image.png; path = firstYellow.png; sourceTree = "<group>"; };
		41E2ABB918D986C8007E7CD1 /* fourthGray.png */ = {isa = PBXFileReference; lastKnownFileType = image.png; path = fourthGray.png; sourceTree = "<group>"; };
		41E2ABBA18D986C8007E7CD1 /* fourthYellow.png */ = {isa = PBXFileReference; lastKnownFileType = image.png; path = fourthYellow.png; sourceTree = "<group>"; };
		41E2ABBB18D986C8007E7CD1 /* grayArrow.png */ = {isa = PBXFileReference; lastKnownFileType = image.png; path = grayArrow.png; sourceTree = "<group>"; };
		41E2ABBC18D986C8007E7CD1 /* hadRead.png */ = {isa = PBXFileReference; lastKnownFileType = image.png; path = hadRead.png; sourceTree = "<group>"; };
		41E2ABBD18D986C8007E7CD1 /* loginBack.png */ = {isa = PBXFileReference; lastKnownFileType = image.png; path = loginBack.png; sourceTree = "<group>"; };
		41E2ABBE18D986C8007E7CD1 /* loginBtn.png */ = {isa = PBXFileReference; lastKnownFileType = image.png; path = loginBtn.png; sourceTree = "<group>"; };
		41E2ABBF18D986C8007E7CD1 /* moni.png */ = {isa = PBXFileReference; lastKnownFileType = image.png; path = moni.png; sourceTree = "<group>"; };
		41E2ABC018D986C8007E7CD1 /* navigateBack.png */ = {isa = PBXFileReference; lastKnownFileType = image.png; path = navigateBack.png; sourceTree = "<group>"; };
		41E2ABC118D986C8007E7CD1 /* navigatebar.png */ = {isa = PBXFileReference; lastKnownFileType = image.png; path = navigatebar.png; sourceTree = "<group>"; };
		41E2ABC218D986C8007E7CD1 /* notRead.png */ = {isa = PBXFileReference; lastKnownFileType = image.png; path = notRead.png; sourceTree = "<group>"; };
		41E2ABC318D986C8007E7CD1 /* pen.png */ = {isa = PBXFileReference; lastKnownFileType = image.png; path = pen.png; sourceTree = "<group>"; };
		41E2ABC418D986C8007E7CD1 /* picGreen.png */ = {isa = PBXFileReference; lastKnownFileType = image.png; path = picGreen.png; sourceTree = "<group>"; };
		41E2ABC518D986C8007E7CD1 /* planDisplay.png */ = {isa = PBXFileReference; lastKnownFileType = image.png; path = planDisplay.png; sourceTree = "<group>"; };
		41E2ABC618D986C8007E7CD1 /* proLecture.png */ = {isa = PBXFileReference; lastKnownFileType = image.png; path = proLecture.png; sourceTree = "<group>"; };
		41E2ABC718D986C8007E7CD1 /* purple.png */ = {isa = PBXFileReference; lastKnownFileType = image.png; path = purple.png; sourceTree = "<group>"; };
		41E2ABC818D986C8007E7CD1 /* purpleSmall.png */ = {isa = PBXFileReference; lastKnownFileType = image.png; path = purpleSmall.png; sourceTree = "<group>"; };
		41E2ABC918D986C8007E7CD1 /* qq.png */ = {isa = PBXFileReference; lastKnownFileType = image.png; path = qq.png; sourceTree = "<group>"; };
		41E2ABCA18D986C8007E7CD1 /* registerBack.jpg */ = {isa = PBXFileReference; lastKnownFileType = image.jpeg; path = registerBack.jpg; sourceTree = "<group>"; };
		41E2ABCB18D986C8007E7CD1 /* registerBtn.png */ = {isa = PBXFileReference; lastKnownFileType = image.png; path = registerBtn.png; sourceTree = "<group>"; };
		41E2ABCC18D986C8007E7CD1 /* relatedProduct.png */ = {isa = PBXFileReference; lastKnownFileType = image.png; path = relatedProduct.png; sourceTree = "<group>"; };
		41E2ABCD18D986C8007E7CD1 /* remark.png */ = {isa = PBXFileReference; lastKnownFileType = image.png; path = remark.png; sourceTree = "<group>"; };
		41E2ABCE18D986C8007E7CD1 /* remindOntime.png */ = {isa = PBXFileReference; lastKnownFileType = image.png; path = remindOntime.png; sourceTree = "<group>"; };
		41E2ABCF18D986C8007E7CD1 /* respond.png */ = {isa = PBXFileReference; lastKnownFileType = image.png; path = respond.png; sourceTree = "<group>"; };
		41E2ABD018D986C8007E7CD1 /* rightGray.png */ = {isa = PBXFileReference; lastKnownFileType = image.png; path = rightGray.png; sourceTree = "<group>"; };
		41E2ABD118D986C8007E7CD1 /* rightLight.png */ = {isa = PBXFileReference; lastKnownFileType = image.png; path = rightLight.png; sourceTree = "<group>"; };
		41E2ABD218D986C8007E7CD1 /* rightShow.png */ = {isa = PBXFileReference; lastKnownFileType = image.png; path = rightShow.png; sourceTree = "<group>"; };
		41E2ABD318D986C8007E7CD1 /* secondGray.png */ = {isa = PBXFileReference; lastKnownFileType = image.png; path = secondGray.png; sourceTree = "<group>"; };
		41E2ABD418D986C8007E7CD1 /* secondYellow.png */ = {isa = PBXFileReference; lastKnownFileType = image.png; path = secondYellow.png; sourceTree = "<group>"; };
		41E2ABD518D986C8007E7CD1 /* selected.png */ = {isa = PBXFileReference; lastKnownFileType = image.png; path = selected.png; sourceTree = "<group>"; };
		41E2ABD618D986C8007E7CD1 /* separatorWhite.png */ = {isa = PBXFileReference; lastKnownFileType = image.png; path = separatorWhite.png; sourceTree = "<group>"; };
		41E2ABD718D986C8007E7CD1 /* sinaWeibo.png */ = {isa = PBXFileReference; lastKnownFileType = image.png; path = sinaWeibo.png; sourceTree = "<group>"; };
		41E2ABD818D986C8007E7CD1 /* startTime.png */ = {isa = PBXFileReference; lastKnownFileType = image.png; path = startTime.png; sourceTree = "<group>"; };
		41E2ABD918D986C8007E7CD1 /* studyCommunity.png */ = {isa = PBXFileReference; lastKnownFileType = image.png; path = studyCommunity.png; sourceTree = "<group>"; };
		41E2ABDA18D986C8007E7CD1 /* studyPlan.png */ = {isa = PBXFileReference; lastKnownFileType = image.png; path = studyPlan.png; sourceTree = "<group>"; };
		41E2ABDB18D986C8007E7CD1 /* studyRemark.png */ = {isa = PBXFileReference; lastKnownFileType = image.png; path = studyRemark.png; sourceTree = "<group>"; };
		41E2ABDC18D986C8007E7CD1 /* submitBtn.png */ = {isa = PBXFileReference; lastKnownFileType = image.png; path = submitBtn.png; sourceTree = "<group>"; };
		41E2ABDD18D986C8007E7CD1 /* thirdGray.png */ = {isa = PBXFileReference; lastKnownFileType = image.png; path = thirdGray.png; sourceTree = "<group>"; };
		41E2ABDE18D986C8007E7CD1 /* thirdYellow.png */ = {isa = PBXFileReference; lastKnownFileType = image.png; path = thirdYellow.png; sourceTree = "<group>"; };
		41E2ABDF18D986C8007E7CD1 /* uncomplete.png */ = {isa = PBXFileReference; lastKnownFileType = image.png; path = uncomplete.png; sourceTree = "<group>"; };
		41E2ABE018D986C8007E7CD1 /* unSelect.png */ = {isa = PBXFileReference; lastKnownFileType = image.png; path = unSelect.png; sourceTree = "<group>"; };
		41E2ABE118D986C8007E7CD1 /* userinfo.png */ = {isa = PBXFileReference; lastKnownFileType = image.png; path = userinfo.png; sourceTree = "<group>"; };
		41E2ABE218D986C8007E7CD1 /* whiteStar.png */ = {isa = PBXFileReference; lastKnownFileType = image.png; path = whiteStar.png; sourceTree = "<group>"; };
		41E2ABE318D986C8007E7CD1 /* wrongGray.png */ = {isa = PBXFileReference; lastKnownFileType = image.png; path = wrongGray.png; sourceTree = "<group>"; };
		41E2ABE418D986C8007E7CD1 /* wrongLight.png */ = {isa = PBXFileReference; lastKnownFileType = image.png; path = wrongLight.png; sourceTree = "<group>"; };
		41E2ABE518D986C8007E7CD1 /* wrongShow.png */ = {isa = PBXFileReference; lastKnownFileType = image.png; path = wrongShow.png; sourceTree = "<group>"; };
		41E2ABE618D986C8007E7CD1 /* X.png */ = {isa = PBXFileReference; lastKnownFileType = image.png; path = X.png; sourceTree = "<group>"; };
		41E2ABE718D986C8007E7CD1 /* yellowArrow.png */ = {isa = PBXFileReference; lastKnownFileType = image.png; path = yellowArrow.png; sourceTree = "<group>"; };
		41E2ABE818D986C8007E7CD1 /* yellowBack.png */ = {isa = PBXFileReference; lastKnownFileType = image.png; path = yellowBack.png; sourceTree = "<group>"; };
		41E2ABE918D986C8007E7CD1 /* yellowStar.png */ = {isa = PBXFileReference; lastKnownFileType = image.png; path = yellowStar.png; sourceTree = "<group>"; };
		41E2ABEA18D986C8007E7CD1 /* zhenti.png */ = {isa = PBXFileReference; lastKnownFileType = image.png; path = zhenti.png; sourceTree = "<group>"; };
		41E2AD3518D987C9007E7CD1 /* FirstViewController.h */ = {isa = PBXFileReference; fileEncoding = 4; lastKnownFileType = sourcecode.c.h; path = FirstViewController.h; sourceTree = "<group>"; };
		41E2AD3618D987C9007E7CD1 /* FirstViewController.m */ = {isa = PBXFileReference; fileEncoding = 4; lastKnownFileType = sourcecode.c.objc; path = FirstViewController.m; sourceTree = "<group>"; };
		41E2AD3818D987E1007E7CD1 /* SecondViewController.h */ = {isa = PBXFileReference; fileEncoding = 4; lastKnownFileType = sourcecode.c.h; path = SecondViewController.h; sourceTree = "<group>"; };
		41E2AD3918D987E1007E7CD1 /* SecondViewController.m */ = {isa = PBXFileReference; fileEncoding = 4; lastKnownFileType = sourcecode.c.objc; path = SecondViewController.m; sourceTree = "<group>"; };
		41E2AD3B18D98834007E7CD1 /* ThirdViewController.h */ = {isa = PBXFileReference; fileEncoding = 4; lastKnownFileType = sourcecode.c.h; path = ThirdViewController.h; sourceTree = "<group>"; };
		41E2AD3C18D98834007E7CD1 /* ThirdViewController.m */ = {isa = PBXFileReference; fileEncoding = 4; lastKnownFileType = sourcecode.c.objc; path = ThirdViewController.m; sourceTree = "<group>"; };
		41E2AD3E18D98843007E7CD1 /* FourthViewController.h */ = {isa = PBXFileReference; fileEncoding = 4; lastKnownFileType = sourcecode.c.h; path = FourthViewController.h; sourceTree = "<group>"; };
		41E2AD3F18D98843007E7CD1 /* FourthViewController.m */ = {isa = PBXFileReference; fileEncoding = 4; lastKnownFileType = sourcecode.c.objc; path = FourthViewController.m; sourceTree = "<group>"; };
/* End PBXFileReference section */

/* Begin PBXFrameworksBuildPhase section */
		41E2AB2D18D97F4B007E7CD1 /* Frameworks */ = {
			isa = PBXFrameworksBuildPhase;
			buildActionMask = 2147483647;
			files = (
				41E2AB8918D98392007E7CD1 /* libsqlite3.dylib in Frameworks */,
				41E2AB3618D97F4B007E7CD1 /* CoreGraphics.framework in Frameworks */,
				41E2AB3818D97F4B007E7CD1 /* UIKit.framework in Frameworks */,
				41E2AB3418D97F4B007E7CD1 /* Foundation.framework in Frameworks */,
			);
			runOnlyForDeploymentPostprocessing = 0;
		};
		41E2AB4818D97F4B007E7CD1 /* Frameworks */ = {
			isa = PBXFrameworksBuildPhase;
			buildActionMask = 2147483647;
			files = (
				41E2AB4D18D97F4B007E7CD1 /* XCTest.framework in Frameworks */,
				41E2AB4F18D97F4B007E7CD1 /* UIKit.framework in Frameworks */,
				41E2AB4E18D97F4B007E7CD1 /* Foundation.framework in Frameworks */,
			);
			runOnlyForDeploymentPostprocessing = 0;
		};
/* End PBXFrameworksBuildPhase section */

/* Begin PBXGroup section */
		41E2AB2718D97F4A007E7CD1 = {
			isa = PBXGroup;
			children = (
				41E2AC4418D987A1007E7CD1 /* UI */,
				41E2AB9118D986C8007E7CD1 /* images */,
				41E2AB7518D982A4007E7CD1 /* common */,
				41E2AB6518D981EF007E7CD1 /* customObject */,
				41E2AB3918D97F4B007E7CD1 /* FurnitureDisplay */,
				41E2AB5218D97F4B007E7CD1 /* FurnitureDisplayTests */,
				41E2AB3218D97F4B007E7CD1 /* Frameworks */,
				41E2AB3118D97F4B007E7CD1 /* Products */,
			);
			sourceTree = "<group>";
		};
		41E2AB3118D97F4B007E7CD1 /* Products */ = {
			isa = PBXGroup;
			children = (
				41E2AB3018D97F4B007E7CD1 /* FurnitureDisplay.app */,
				41E2AB4B18D97F4B007E7CD1 /* FurnitureDisplayTests.xctest */,
			);
			name = Products;
			sourceTree = "<group>";
		};
		41E2AB3218D97F4B007E7CD1 /* Frameworks */ = {
			isa = PBXGroup;
			children = (
				41E2AB8818D98392007E7CD1 /* libsqlite3.dylib */,
				41E2AB3318D97F4B007E7CD1 /* Foundation.framework */,
				41E2AB3518D97F4B007E7CD1 /* CoreGraphics.framework */,
				41E2AB3718D97F4B007E7CD1 /* UIKit.framework */,
				41E2AB4C18D97F4B007E7CD1 /* XCTest.framework */,
			);
			name = Frameworks;
			sourceTree = "<group>";
		};
		41E2AB3918D97F4B007E7CD1 /* FurnitureDisplay */ = {
			isa = PBXGroup;
			children = (
				41E2AB4218D97F4B007E7CD1 /* AppDelegate.h */,
				41E2AB4318D97F4B007E7CD1 /* AppDelegate.m */,
				41E2AB4518D97F4B007E7CD1 /* Images.xcassets */,
				41E2AB3A18D97F4B007E7CD1 /* Supporting Files */,
			);
			path = FurnitureDisplay;
			sourceTree = "<group>";
		};
		41E2AB3A18D97F4B007E7CD1 /* Supporting Files */ = {
			isa = PBXGroup;
			children = (
				41E2AB3B18D97F4B007E7CD1 /* FurnitureDisplay-Info.plist */,
				41E2AB3C18D97F4B007E7CD1 /* InfoPlist.strings */,
				41E2AB3F18D97F4B007E7CD1 /* main.m */,
				41E2AB4118D97F4B007E7CD1 /* FurnitureDisplay-Prefix.pch */,
			);
			name = "Supporting Files";
			sourceTree = "<group>";
		};
		41E2AB5218D97F4B007E7CD1 /* FurnitureDisplayTests */ = {
			isa = PBXGroup;
			children = (
				41E2AB5818D97F4B007E7CD1 /* FurnitureDisplayTests.m */,
				41E2AB5318D97F4B007E7CD1 /* Supporting Files */,
			);
			path = FurnitureDisplayTests;
			sourceTree = "<group>";
		};
		41E2AB5318D97F4B007E7CD1 /* Supporting Files */ = {
			isa = PBXGroup;
			children = (
				41E2AB5418D97F4B007E7CD1 /* FurnitureDisplayTests-Info.plist */,
				41E2AB5518D97F4B007E7CD1 /* InfoPlist.strings */,
			);
			name = "Supporting Files";
			sourceTree = "<group>";
		};
		41E2AB6518D981EF007E7CD1 /* customObject */ = {
			isa = PBXGroup;
			children = (
				41E2AB6618D981EF007E7CD1 /* BaseViewController.h */,
				41E2AB6718D981EF007E7CD1 /* BaseViewController.m */,
				41E2AB6A18D981EF007E7CD1 /* CustomNavigationViewCtr.h */,
				41E2AB6B18D981EF007E7CD1 /* CustomNavigationViewCtr.m */,
				41E2AB6C18D981EF007E7CD1 /* CustomTabBarViewCtr.h */,
				41E2AB6D18D981EF007E7CD1 /* CustomTabBarViewCtr.m */,
			);
			path = customObject;
			sourceTree = "<group>";
		};
		41E2AB7518D982A4007E7CD1 /* common */ = {
			isa = PBXGroup;
			children = (
				41E2AB7618D982A4007E7CD1 /* Common.h */,
				41E2AB7718D982A4007E7CD1 /* Common.m */,
				41E2AB7818D982A4007E7CD1 /* NewItoast.h */,
				41E2AB7918D982A4007E7CD1 /* NewItoast.m */,
				41E2AB7A18D982A4007E7CD1 /* NSString+CustomCategory.h */,
				41E2AB7B18D982A4007E7CD1 /* NSString+CustomCategory.m */,
				41E2AB7E18D982A4007E7CD1 /* sqliteDataManage.h */,
				41E2AB7F18D982A4007E7CD1 /* sqliteDataManage.m */,
				41E2AB8018D982A4007E7CD1 /* UIView+ViewFrameGeometry.h */,
				41E2AB8118D982A4007E7CD1 /* UIView+ViewFrameGeometry.m */,
			);
			path = common;
			sourceTree = "<group>";
		};
		41E2AB9118D986C8007E7CD1 /* images */ = {
			isa = PBXGroup;
			children = (
				41E2AB9218D986C8007E7CD1 /* 0.png */,
				41E2AB9318D986C8007E7CD1 /* 1.jpg */,
				41E2AB9418D986C8007E7CD1 /* 1.png */,
				41E2AB9518D986C8007E7CD1 /* 2.jpg */,
				41E2AB9618D986C8007E7CD1 /* 2.png */,
				41E2AB9718D986C8007E7CD1 /* 3.jpg */,
				41E2AB9818D986C8007E7CD1 /* 3.png */,
				41E2AB9918D986C8007E7CD1 /* 4.png */,
				41E2AB9A18D986C8007E7CD1 /* 5.png */,
				41E2AB9B18D986C8007E7CD1 /* 6.png */,
				41E2AB9C18D986C8007E7CD1 /* 7.png */,
				41E2AB9D18D986C8007E7CD1 /* 8.png */,
				41E2AB9E18D986C8007E7CD1 /* 9.png */,
				41E2AB9F18D986C8007E7CD1 /* aboutUs.png */,
				41E2ABA018D986C8007E7CD1 /* academic.png */,
				41E2ABA118D986C8007E7CD1 /* blueCircle.png */,
				41E2ABA218D986C8007E7CD1 /* btnBack.png */,
				41E2ABA318D986C8007E7CD1 /* btnBackTwo.png */,
				41E2ABA418D986C8007E7CD1 /* btnWhite.png */,
				41E2ABA518D986C8007E7CD1 /* btnYellow.png */,
				41E2ABA618D986C8007E7CD1 /* campusCellW.png */,
				41E2ABA718D986C8007E7CD1 /* cellBack.png */,
				41E2ABA818D986C8007E7CD1 /* cellBackDeep.png */,
				41E2ABA918D986C8007E7CD1 /* chapter.png */,
				41E2ABAA18D986C8007E7CD1 /* checkUpdate.png */,
				41E2ABAB18D986C8007E7CD1 /* clock.png */,
				41E2ABAC18D986C8007E7CD1 /* comapusCellG.png */,
				41E2ABAD18D986C8007E7CD1 /* comment.png */,
				41E2ABAE18D986C8007E7CD1 /* complete.png */,
				41E2ABAF18D986C8007E7CD1 /* completeState.png */,
				41E2ABB018D986C8007E7CD1 /* cuowu.png */,
				41E2ABB118D986C8007E7CD1 /* distruction.png */,
				41E2ABB218D986C8007E7CD1 /* endtime.png */,
				41E2ABB318D986C8007E7CD1 /* everyDaystudy.png */,
				41E2ABB418D986C8007E7CD1 /* expire.png */,
				41E2ABB518D986C8007E7CD1 /* explain.png */,
				41E2ABB618D986C8007E7CD1 /* eye.png */,
				41E2ABB718D986C8007E7CD1 /* firstGray.png */,
				41E2ABB818D986C8007E7CD1 /* firstYellow.png */,
				41E2ABB918D986C8007E7CD1 /* fourthGray.png */,
				41E2ABBA18D986C8007E7CD1 /* fourthYellow.png */,
				41E2ABBB18D986C8007E7CD1 /* grayArrow.png */,
				41E2ABBC18D986C8007E7CD1 /* hadRead.png */,
				41E2ABBD18D986C8007E7CD1 /* loginBack.png */,
				41E2ABBE18D986C8007E7CD1 /* loginBtn.png */,
				41E2ABBF18D986C8007E7CD1 /* moni.png */,
				41E2ABC018D986C8007E7CD1 /* navigateBack.png */,
				41E2ABC118D986C8007E7CD1 /* navigatebar.png */,
				41E2ABC218D986C8007E7CD1 /* notRead.png */,
				41E2ABC318D986C8007E7CD1 /* pen.png */,
				41E2ABC418D986C8007E7CD1 /* picGreen.png */,
				41E2ABC518D986C8007E7CD1 /* planDisplay.png */,
				41E2ABC618D986C8007E7CD1 /* proLecture.png */,
				41E2ABC718D986C8007E7CD1 /* purple.png */,
				41E2ABC818D986C8007E7CD1 /* purpleSmall.png */,
				41E2ABC918D986C8007E7CD1 /* qq.png */,
				41E2ABCA18D986C8007E7CD1 /* registerBack.jpg */,
				41E2ABCB18D986C8007E7CD1 /* registerBtn.png */,
				41E2ABCC18D986C8007E7CD1 /* relatedProduct.png */,
				41E2ABCD18D986C8007E7CD1 /* remark.png */,
				41E2ABCE18D986C8007E7CD1 /* remindOntime.png */,
				41E2ABCF18D986C8007E7CD1 /* respond.png */,
				41E2ABD018D986C8007E7CD1 /* rightGray.png */,
				41E2ABD118D986C8007E7CD1 /* rightLight.png */,
				41E2ABD218D986C8007E7CD1 /* rightShow.png */,
				41E2ABD318D986C8007E7CD1 /* secondGray.png */,
				41E2ABD418D986C8007E7CD1 /* secondYellow.png */,
				41E2ABD518D986C8007E7CD1 /* selected.png */,
				41E2ABD618D986C8007E7CD1 /* separatorWhite.png */,
				41E2ABD718D986C8007E7CD1 /* sinaWeibo.png */,
				41E2ABD818D986C8007E7CD1 /* startTime.png */,
				41E2ABD918D986C8007E7CD1 /* studyCommunity.png */,
				41E2ABDA18D986C8007E7CD1 /* studyPlan.png */,
				41E2ABDB18D986C8007E7CD1 /* studyRemark.png */,
				41E2ABDC18D986C8007E7CD1 /* submitBtn.png */,
				41E2ABDD18D986C8007E7CD1 /* thirdGray.png */,
				41E2ABDE18D986C8007E7CD1 /* thirdYellow.png */,
				41E2ABDF18D986C8007E7CD1 /* uncomplete.png */,
				41E2ABE018D986C8007E7CD1 /* unSelect.png */,
				41E2ABE118D986C8007E7CD1 /* userinfo.png */,
				41E2ABE218D986C8007E7CD1 /* whiteStar.png */,
				41E2ABE318D986C8007E7CD1 /* wrongGray.png */,
				41E2ABE418D986C8007E7CD1 /* wrongLight.png */,
				41E2ABE518D986C8007E7CD1 /* wrongShow.png */,
				41E2ABE618D986C8007E7CD1 /* X.png */,
				41E2ABE718D986C8007E7CD1 /* yellowArrow.png */,
				41E2ABE818D986C8007E7CD1 /* yellowBack.png */,
				41E2ABE918D986C8007E7CD1 /* yellowStar.png */,
				41E2ABEA18D986C8007E7CD1 /* zhenti.png */,
			);
			path = images;
			sourceTree = "<group>";
		};
		41E2AC4418D987A1007E7CD1 /* UI */ = {
			isa = PBXGroup;
			children = (
				41E2AD3518D987C9007E7CD1 /* FirstViewController.h */,
				41E2AD3618D987C9007E7CD1 /* FirstViewController.m */,
				41E2AD3818D987E1007E7CD1 /* SecondViewController.h */,
				41E2AD3918D987E1007E7CD1 /* SecondViewController.m */,
				41E2AD3B18D98834007E7CD1 /* ThirdViewController.h */,
				41E2AD3C18D98834007E7CD1 /* ThirdViewController.m */,
				41E2AD3E18D98843007E7CD1 /* FourthViewController.h */,
				41E2AD3F18D98843007E7CD1 /* FourthViewController.m */,
			);
			path = UI;
			sourceTree = "<group>";
		};
/* End PBXGroup section */

/* Begin PBXNativeTarget section */
		41E2AB2F18D97F4B007E7CD1 /* FurnitureDisplay */ = {
			isa = PBXNativeTarget;
			buildConfigurationList = 41E2AB5C18D97F4B007E7CD1 /* Build configuration list for PBXNativeTarget "FurnitureDisplay" */;
			buildPhases = (
				41E2AB2C18D97F4B007E7CD1 /* Sources */,
				41E2AB2D18D97F4B007E7CD1 /* Frameworks */,
				41E2AB2E18D97F4B007E7CD1 /* Resources */,
			);
			buildRules = (
			);
			dependencies = (
			);
			name = FurnitureDisplay;
			productName = FurnitureDisplay;
			productReference = 41E2AB3018D97F4B007E7CD1 /* FurnitureDisplay.app */;
			productType = "com.apple.product-type.application";
		};
		41E2AB4A18D97F4B007E7CD1 /* FurnitureDisplayTests */ = {
			isa = PBXNativeTarget;
			buildConfigurationList = 41E2AB5F18D97F4B007E7CD1 /* Build configuration list for PBXNativeTarget "FurnitureDisplayTests" */;
			buildPhases = (
				41E2AB4718D97F4B007E7CD1 /* Sources */,
				41E2AB4818D97F4B007E7CD1 /* Frameworks */,
				41E2AB4918D97F4B007E7CD1 /* Resources */,
			);
			buildRules = (
			);
			dependencies = (
				41E2AB5118D97F4B007E7CD1 /* PBXTargetDependency */,
			);
			name = FurnitureDisplayTests;
			productName = FurnitureDisplayTests;
			productReference = 41E2AB4B18D97F4B007E7CD1 /* FurnitureDisplayTests.xctest */;
			productType = "com.apple.product-type.bundle.unit-test";
		};
/* End PBXNativeTarget section */

/* Begin PBXProject section */
		41E2AB2818D97F4B007E7CD1 /* Project object */ = {
			isa = PBXProject;
			attributes = {
				LastUpgradeCheck = 0500;
				ORGANIZATIONNAME = gurd;
				TargetAttributes = {
					41E2AB4A18D97F4B007E7CD1 = {
						TestTargetID = 41E2AB2F18D97F4B007E7CD1;
					};
				};
			};
			buildConfigurationList = 41E2AB2B18D97F4B007E7CD1 /* Build configuration list for PBXProject "FurnitureDisplay" */;
			compatibilityVersion = "Xcode 3.2";
			developmentRegion = English;
			hasScannedForEncodings = 0;
			knownRegions = (
				en,
			);
			mainGroup = 41E2AB2718D97F4A007E7CD1;
			productRefGroup = 41E2AB3118D97F4B007E7CD1 /* Products */;
			projectDirPath = "";
			projectRoot = "";
			targets = (
				41E2AB2F18D97F4B007E7CD1 /* FurnitureDisplay */,
				41E2AB4A18D97F4B007E7CD1 /* FurnitureDisplayTests */,
			);
		};
/* End PBXProject section */

/* Begin PBXResourcesBuildPhase section */
		41E2AB2E18D97F4B007E7CD1 /* Resources */ = {
			isa = PBXResourcesBuildPhase;
			buildActionMask = 2147483647;
			files = (
				41E2AC3A18D986C8007E7CD1 /* userinfo.png in Resources */,
				41E2AC3318D986C8007E7CD1 /* studyPlan.png in Resources */,
				41E2AC2918D986C8007E7CD1 /* rightGray.png in Resources */,
				41E2AC0018D986C8007E7CD1 /* cellBack.png in Resources */,
				41E2ABF318D986C8007E7CD1 /* 5.png in Resources */,
				41E2AC0518D986C8007E7CD1 /* comapusCellG.png in Resources */,
				41E2AC2218D986C8007E7CD1 /* qq.png in Resources */,
				41E2AC3518D986C8007E7CD1 /* submitBtn.png in Resources */,
				41E2AC1F18D986C8007E7CD1 /* proLecture.png in Resources */,
				41E2AC3B18D986C8007E7CD1 /* whiteStar.png in Resources */,
				41E2AC0918D986C8007E7CD1 /* cuowu.png in Resources */,
				41E2AC1A18D986C8007E7CD1 /* navigatebar.png in Resources */,
				41E2ABF818D986C8007E7CD1 /* aboutUs.png in Resources */,
				41E2ABFB18D986C8007E7CD1 /* btnBack.png in Resources */,
				41E2AC2618D986C8007E7CD1 /* remark.png in Resources */,
				41E2AC3818D986C8007E7CD1 /* uncomplete.png in Resources */,
				41E2AC4318D986C8007E7CD1 /* zhenti.png in Resources */,
				41E2AC2118D986C8007E7CD1 /* purpleSmall.png in Resources */,
				41E2AC1418D986C8007E7CD1 /* grayArrow.png in Resources */,
				41E2ABF518D986C8007E7CD1 /* 7.png in Resources */,
				41E2AC4118D986C8007E7CD1 /* yellowBack.png in Resources */,
				41E2AC3D18D986C8007E7CD1 /* wrongLight.png in Resources */,
				41E2AC2518D986C8007E7CD1 /* relatedProduct.png in Resources */,
				41E2ABFC18D986C8007E7CD1 /* btnBackTwo.png in Resources */,
				41E2AC0618D986C8007E7CD1 /* comment.png in Resources */,
				41E2ABEE18D986C8007E7CD1 /* 2.jpg in Resources */,
				41E2AC3718D986C8007E7CD1 /* thirdYellow.png in Resources */,
				41E2AC2E18D986C8007E7CD1 /* selected.png in Resources */,
				41E2AC0718D986C8007E7CD1 /* complete.png in Resources */,
				41E2AC1018D986C8007E7CD1 /* firstGray.png in Resources */,
				41E2AC0E18D986C8007E7CD1 /* explain.png in Resources */,
				41E2AC2F18D986C8007E7CD1 /* separatorWhite.png in Resources */,
				41E2AC1818D986C8007E7CD1 /* moni.png in Resources */,
				41E2AC3418D986C8007E7CD1 /* studyRemark.png in Resources */,
				41E2AC0F18D986C8007E7CD1 /* eye.png in Resources */,
				41E2AC2318D986C8007E7CD1 /* registerBack.jpg in Resources */,
				41E2ABF718D986C8007E7CD1 /* 9.png in Resources */,
				41E2AC3218D986C8007E7CD1 /* studyCommunity.png in Resources */,
				41E2AC3918D986C8007E7CD1 /* unSelect.png in Resources */,
				41E2AC1B18D986C8007E7CD1 /* notRead.png in Resources */,
				41E2ABFF18D986C8007E7CD1 /* campusCellW.png in Resources */,
				41E2AC0118D986C8007E7CD1 /* cellBackDeep.png in Resources */,
				41E2AC2D18D986C8007E7CD1 /* secondYellow.png in Resources */,
				41E2ABEB18D986C8007E7CD1 /* 0.png in Resources */,
				41E2ABEF18D986C8007E7CD1 /* 2.png in Resources */,
				41E2AC0418D986C8007E7CD1 /* clock.png in Resources */,
				41E2ABFA18D986C8007E7CD1 /* blueCircle.png in Resources */,
				41E2ABF118D986C8007E7CD1 /* 3.png in Resources */,
				41E2ABF618D986C8007E7CD1 /* 8.png in Resources */,
				41E2ABF918D986C8007E7CD1 /* academic.png in Resources */,
				41E2AC1718D986C8007E7CD1 /* loginBtn.png in Resources */,
				41E2AC2718D986C8007E7CD1 /* remindOntime.png in Resources */,
				41E2AC1218D986C8007E7CD1 /* fourthGray.png in Resources */,
				41E2ABEC18D986C8007E7CD1 /* 1.jpg in Resources */,
				41E2AC2A18D986C8007E7CD1 /* rightLight.png in Resources */,
				41E2ABFE18D986C8007E7CD1 /* btnYellow.png in Resources */,
				41E2AC3F18D986C8007E7CD1 /* X.png in Resources */,
				41E2AC3118D986C8007E7CD1 /* startTime.png in Resources */,
				41E2AC1D18D986C8007E7CD1 /* picGreen.png in Resources */,
				41E2ABFD18D986C8007E7CD1 /* btnWhite.png in Resources */,
				41E2AC1918D986C8007E7CD1 /* navigateBack.png in Resources */,
				41E2AC2418D986C8007E7CD1 /* registerBtn.png in Resources */,
				41E2AC0218D986C8007E7CD1 /* chapter.png in Resources */,
				41E2AC3618D986C8007E7CD1 /* thirdGray.png in Resources */,
				41E2AC4218D986C8007E7CD1 /* yellowStar.png in Resources */,
				41E2AC3018D986C8007E7CD1 /* sinaWeibo.png in Resources */,
				41E2AC2018D986C8007E7CD1 /* purple.png in Resources */,
				41E2ABF418D986C8007E7CD1 /* 6.png in Resources */,
				41E2AC2C18D986C8007E7CD1 /* secondGray.png in Resources */,
				41E2AB3E18D97F4B007E7CD1 /* InfoPlist.strings in Resources */,
				41E2AC1618D986C8007E7CD1 /* loginBack.png in Resources */,
				41E2AC0D18D986C8007E7CD1 /* expire.png in Resources */,
				41E2AB4618D97F4B007E7CD1 /* Images.xcassets in Resources */,
				41E2AC3C18D986C8007E7CD1 /* wrongGray.png in Resources */,
				41E2AC1518D986C8007E7CD1 /* hadRead.png in Resources */,
				41E2AC1C18D986C8007E7CD1 /* pen.png in Resources */,
				41E2AC3E18D986C8007E7CD1 /* wrongShow.png in Resources */,
				41E2AC0A18D986C8007E7CD1 /* distruction.png in Resources */,
				41E2ABED18D986C8007E7CD1 /* 1.png in Resources */,
				41E2AC0C18D986C8007E7CD1 /* everyDaystudy.png in Resources */,
				41E2ABF218D986C8007E7CD1 /* 4.png in Resources */,
				41E2AC0318D986C8007E7CD1 /* checkUpdate.png in Resources */,
				41E2AC2818D986C8007E7CD1 /* respond.png in Resources */,
				41E2AC0818D986C8007E7CD1 /* completeState.png in Resources */,
				41E2AC4018D986C8007E7CD1 /* yellowArrow.png in Resources */,
				41E2AC1318D986C8007E7CD1 /* fourthYellow.png in Resources */,
				41E2AC2B18D986C8007E7CD1 /* rightShow.png in Resources */,
				41E2AC0B18D986C8007E7CD1 /* endtime.png in Resources */,
				41E2AC1118D986C8007E7CD1 /* firstYellow.png in Resources */,
				41E2ABF018D986C8007E7CD1 /* 3.jpg in Resources */,
				41E2AC1E18D986C8007E7CD1 /* planDisplay.png in Resources */,
			);
			runOnlyForDeploymentPostprocessing = 0;
		};
		41E2AB4918D97F4B007E7CD1 /* Resources */ = {
			isa = PBXResourcesBuildPhase;
			buildActionMask = 2147483647;
			files = (
				41E2AB5718D97F4B007E7CD1 /* InfoPlist.strings in Resources */,
			);
			runOnlyForDeploymentPostprocessing = 0;
		};
/* End PBXResourcesBuildPhase section */

/* Begin PBXSourcesBuildPhase section */
		41E2AB2C18D97F4B007E7CD1 /* Sources */ = {
			isa = PBXSourcesBuildPhase;
			buildActionMask = 2147483647;
			files = (
				41E2AD3A18D987E1007E7CD1 /* SecondViewController.m in Sources */,
				41E2AD3D18D98834007E7CD1 /* ThirdViewController.m in Sources */,
				41E2AD3718D987C9007E7CD1 /* FirstViewController.m in Sources */,
				41E2AB8418D982A4007E7CD1 /* NSString+CustomCategory.m in Sources */,
				41E2AB8218D982A4007E7CD1 /* Common.m in Sources */,
				41E2AB4418D97F4B007E7CD1 /* AppDelegate.m in Sources */,
				41E2AB8718D982A4007E7CD1 /* UIView+ViewFrameGeometry.m in Sources */,
				41E2AB7318D981EF007E7CD1 /* CustomTabBarViewCtr.m in Sources */,
				41E2AB8318D982A4007E7CD1 /* NewItoast.m in Sources */,
				41E2AB7018D981EF007E7CD1 /* BaseViewController.m in Sources */,
				41E2AB4018D97F4B007E7CD1 /* main.m in Sources */,
				41E2AB8618D982A4007E7CD1 /* sqliteDataManage.m in Sources */,
				41E2AD4018D98843007E7CD1 /* FourthViewController.m in Sources */,
				41E2AB7218D981EF007E7CD1 /* CustomNavigationViewCtr.m in Sources */,
			);
			runOnlyForDeploymentPostprocessing = 0;
		};
		41E2AB4718D97F4B007E7CD1 /* Sources */ = {
			isa = PBXSourcesBuildPhase;
			buildActionMask = 2147483647;
			files = (
				41E2AB5918D97F4B007E7CD1 /* FurnitureDisplayTests.m in Sources */,
			);
			runOnlyForDeploymentPostprocessing = 0;
		};
/* End PBXSourcesBuildPhase section */

/* Begin PBXTargetDependency section */
		41E2AB5118D97F4B007E7CD1 /* PBXTargetDependency */ = {
			isa = PBXTargetDependency;
			target = 41E2AB2F18D97F4B007E7CD1 /* FurnitureDisplay */;
			targetProxy = 41E2AB5018D97F4B007E7CD1 /* PBXContainerItemProxy */;
		};
/* End PBXTargetDependency section */

/* Begin PBXVariantGroup section */
		41E2AB3C18D97F4B007E7CD1 /* InfoPlist.strings */ = {
			isa = PBXVariantGroup;
			children = (
				41E2AB3D18D97F4B007E7CD1 /* en */,
			);
			name = InfoPlist.strings;
			sourceTree = "<group>";
		};
		41E2AB5518D97F4B007E7CD1 /* InfoPlist.strings */ = {
			isa = PBXVariantGroup;
			children = (
				41E2AB5618D97F4B007E7CD1 /* en */,
			);
			name = InfoPlist.strings;
			sourceTree = "<group>";
		};
/* End PBXVariantGroup section */

/* Begin XCBuildConfiguration section */
		41E2AB5A18D97F4B007E7CD1 /* Debug */ = {
			isa = XCBuildConfiguration;
			buildSettings = {
				ALWAYS_SEARCH_USER_PATHS = NO;
				ARCHS = "$(ARCHS_STANDARD_INCLUDING_64_BIT)";
				CLANG_CXX_LANGUAGE_STANDARD = "gnu++0x";
				CLANG_CXX_LIBRARY = "libc++";
				CLANG_ENABLE_MODULES = YES;
				CLANG_ENABLE_OBJC_ARC = YES;
				CLANG_WARN_BOOL_CONVERSION = YES;
				CLANG_WARN_CONSTANT_CONVERSION = YES;
				CLANG_WARN_DIRECT_OBJC_ISA_USAGE = YES_ERROR;
				CLANG_WARN_EMPTY_BODY = YES;
				CLANG_WARN_ENUM_CONVERSION = YES;
				CLANG_WARN_INT_CONVERSION = YES;
				CLANG_WARN_OBJC_ROOT_CLASS = YES_ERROR;
				CLANG_WARN__DUPLICATE_METHOD_MATCH = YES;
				"CODE_SIGN_IDENTITY[sdk=iphoneos*]" = "iPhone Developer";
				COPY_PHASE_STRIP = NO;
				GCC_C_LANGUAGE_STANDARD = gnu99;
				GCC_DYNAMIC_NO_PIC = NO;
				GCC_OPTIMIZATION_LEVEL = 0;
				GCC_PREPROCESSOR_DEFINITIONS = (
					"DEBUG=1",
					"$(inherited)",
				);
				GCC_SYMBOLS_PRIVATE_EXTERN = NO;
				GCC_WARN_64_TO_32_BIT_CONVERSION = YES;
				GCC_WARN_ABOUT_RETURN_TYPE = YES_ERROR;
				GCC_WARN_UNDECLARED_SELECTOR = YES;
				GCC_WARN_UNINITIALIZED_AUTOS = YES;
				GCC_WARN_UNUSED_FUNCTION = YES;
				GCC_WARN_UNUSED_VARIABLE = YES;
				IPHONEOS_DEPLOYMENT_TARGET = 7.0;
				ONLY_ACTIVE_ARCH = YES;
				SDKROOT = iphoneos;
				TARGETED_DEVICE_FAMILY = "1,2";
			};
			name = Debug;
		};
		41E2AB5B18D97F4B007E7CD1 /* Release */ = {
			isa = XCBuildConfiguration;
			buildSettings = {
				ALWAYS_SEARCH_USER_PATHS = NO;
				ARCHS = "$(ARCHS_STANDARD_INCLUDING_64_BIT)";
				CLANG_CXX_LANGUAGE_STANDARD = "gnu++0x";
				CLANG_CXX_LIBRARY = "libc++";
				CLANG_ENABLE_MODULES = YES;
				CLANG_ENABLE_OBJC_ARC = YES;
				CLANG_WARN_BOOL_CONVERSION = YES;
				CLANG_WARN_CONSTANT_CONVERSION = YES;
				CLANG_WARN_DIRECT_OBJC_ISA_USAGE = YES_ERROR;
				CLANG_WARN_EMPTY_BODY = YES;
				CLANG_WARN_ENUM_CONVERSION = YES;
				CLANG_WARN_INT_CONVERSION = YES;
				CLANG_WARN_OBJC_ROOT_CLASS = YES_ERROR;
				CLANG_WARN__DUPLICATE_METHOD_MATCH = YES;
				"CODE_SIGN_IDENTITY[sdk=iphoneos*]" = "iPhone Developer";
				COPY_PHASE_STRIP = YES;
				ENABLE_NS_ASSERTIONS = NO;
				GCC_C_LANGUAGE_STANDARD = gnu99;
				GCC_WARN_64_TO_32_BIT_CONVERSION = YES;
				GCC_WARN_ABOUT_RETURN_TYPE = YES_ERROR;
				GCC_WARN_UNDECLARED_SELECTOR = YES;
				GCC_WARN_UNINITIALIZED_AUTOS = YES;
				GCC_WARN_UNUSED_FUNCTION = YES;
				GCC_WARN_UNUSED_VARIABLE = YES;
				IPHONEOS_DEPLOYMENT_TARGET = 7.0;
				SDKROOT = iphoneos;
				TARGETED_DEVICE_FAMILY = "1,2";
				VALIDATE_PRODUCT = YES;
			};
			name = Release;
		};
		41E2AB5D18D97F4B007E7CD1 /* Debug */ = {
			isa = XCBuildConfiguration;
			buildSettings = {
				ASSETCATALOG_COMPILER_APPICON_NAME = AppIcon;
				ASSETCATALOG_COMPILER_LAUNCHIMAGE_NAME = LaunchImage;
				GCC_PRECOMPILE_PREFIX_HEADER = YES;
				GCC_PREFIX_HEADER = "FurnitureDisplay/FurnitureDisplay-Prefix.pch";
				INFOPLIST_FILE = "FurnitureDisplay/FurnitureDisplay-Info.plist";
				IPHONEOS_DEPLOYMENT_TARGET = 7.0;
				PRODUCT_NAME = "$(TARGET_NAME)";
				RUN_CLANG_STATIC_ANALYZER = YES;
				TARGETED_DEVICE_FAMILY = 2;
				WRAPPER_EXTENSION = app;
			};
			name = Debug;
		};
		41E2AB5E18D97F4B007E7CD1 /* Release */ = {
			isa = XCBuildConfiguration;
			buildSettings = {
				ASSETCATALOG_COMPILER_APPICON_NAME = AppIcon;
				ASSETCATALOG_COMPILER_LAUNCHIMAGE_NAME = LaunchImage;
				GCC_PRECOMPILE_PREFIX_HEADER = YES;
				GCC_PREFIX_HEADER = "FurnitureDisplay/FurnitureDisplay-Prefix.pch";
				INFOPLIST_FILE = "FurnitureDisplay/FurnitureDisplay-Info.plist";
				IPHONEOS_DEPLOYMENT_TARGET = 7.0;
				PRODUCT_NAME = "$(TARGET_NAME)";
				RUN_CLANG_STATIC_ANALYZER = YES;
				TARGETED_DEVICE_FAMILY = 2;
				WRAPPER_EXTENSION = app;
			};
			name = Release;
		};
		41E2AB6018D97F4B007E7CD1 /* Debug */ = {
			isa = XCBuildConfiguration;
			buildSettings = {
				ARCHS = "$(ARCHS_STANDARD_INCLUDING_64_BIT)";
				BUNDLE_LOADER = "$(BUILT_PRODUCTS_DIR)/FurnitureDisplay.app/FurnitureDisplay";
				FRAMEWORK_SEARCH_PATHS = (
					"$(SDKROOT)/Developer/Library/Frameworks",
					"$(inherited)",
					"$(DEVELOPER_FRAMEWORKS_DIR)",
				);
				GCC_PRECOMPILE_PREFIX_HEADER = YES;
				GCC_PREFIX_HEADER = "FurnitureDisplay/FurnitureDisplay-Prefix.pch";
				GCC_PREPROCESSOR_DEFINITIONS = (
					"DEBUG=1",
					"$(inherited)",
				);
				INFOPLIST_FILE = "FurnitureDisplayTests/FurnitureDisplayTests-Info.plist";
				PRODUCT_NAME = "$(TARGET_NAME)";
				TEST_HOST = "$(BUNDLE_LOADER)";
				WRAPPER_EXTENSION = xctest;
			};
			name = Debug;
		};
		41E2AB6118D97F4B007E7CD1 /* Release */ = {
			isa = XCBuildConfiguration;
			buildSettings = {
				ARCHS = "$(ARCHS_STANDARD_INCLUDING_64_BIT)";
				BUNDLE_LOADER = "$(BUILT_PRODUCTS_DIR)/FurnitureDisplay.app/FurnitureDisplay";
				FRAMEWORK_SEARCH_PATHS = (
					"$(SDKROOT)/Developer/Library/Frameworks",
					"$(inherited)",
					"$(DEVELOPER_FRAMEWORKS_DIR)",
				);
				GCC_PRECOMPILE_PREFIX_HEADER = YES;
				GCC_PREFIX_HEADER = "FurnitureDisplay/FurnitureDisplay-Prefix.pch";
				INFOPLIST_FILE = "FurnitureDisplayTests/FurnitureDisplayTests-Info.plist";
				PRODUCT_NAME = "$(TARGET_NAME)";
				TEST_HOST = "$(BUNDLE_LOADER)";
				WRAPPER_EXTENSION = xctest;
			};
			name = Release;
		};
/* End XCBuildConfiguration section */

/* Begin XCConfigurationList section */
		41E2AB2B18D97F4B007E7CD1 /* Build configuration list for PBXProject "FurnitureDisplay" */ = {
			isa = XCConfigurationList;
			buildConfigurations = (
				41E2AB5A18D97F4B007E7CD1 /* Debug */,
				41E2AB5B18D97F4B007E7CD1 /* Release */,
			);
			defaultConfigurationIsVisible = 0;
			defaultConfigurationName = Release;
		};
		41E2AB5C18D97F4B007E7CD1 /* Build configuration list for PBXNativeTarget "FurnitureDisplay" */ = {
			isa = XCConfigurationList;
			buildConfigurations = (
				41E2AB5D18D97F4B007E7CD1 /* Debug */,
				41E2AB5E18D97F4B007E7CD1 /* Release */,
			);
			defaultConfigurationIsVisible = 0;
			defaultConfigurationName = Release;
		};
		41E2AB5F18D97F4B007E7CD1 /* Build configuration list for PBXNativeTarget "FurnitureDisplayTests" */ = {
			isa = XCConfigurationList;
			buildConfigurations = (
				41E2AB6018D97F4B007E7CD1 /* Debug */,
				41E2AB6118D97F4B007E7CD1 /* Release */,
			);
			defaultConfigurationIsVisible = 0;
			defaultConfigurationName = Release;
		};
/* End XCConfigurationList section */
	};
	rootObject = 41E2AB2818D97F4B007E7CD1 /* Project object */;
}
